// !$*UTF8*$!
{
	archiveVersion = 1;
	classes = {
	};
	objectVersion = 46;
	objects = {

/* Begin PBXBuildFile section */
		77F4AFB21A9C3BC600C10DCE /* piano_01.pd in Resources */ = {isa = PBXBuildFile; fileRef = 77F4AFB11A9C3BC600C10DCE /* piano_01.pd */; };
		9DBE8D850440AE54BF735471 /* libPods-BackTrackSolo.a in Frameworks */ = {isa = PBXBuildFile; fileRef = 6148DC7A36343B3730FDD837 /* libPods-BackTrackSolo.a */; };
		EC5C3C661A9C2240005EC068 /* demo.pd in Resources */ = {isa = PBXBuildFile; fileRef = EC5C3C651A9C2240005EC068 /* demo.pd */; };
		EC7621BF1A9A7A53006E64E7 /* SwiftViewController.swift in Sources */ = {isa = PBXBuildFile; fileRef = EC7621BE1A9A7A53006E64E7 /* SwiftViewController.swift */; };
		ECE963361A92C3CE00F629C2 /* main.m in Sources */ = {isa = PBXBuildFile; fileRef = ECE963351A92C3CE00F629C2 /* main.m */; };
		ECE963391A92C3CE00F629C2 /* AppDelegate.m in Sources */ = {isa = PBXBuildFile; fileRef = ECE963381A92C3CE00F629C2 /* AppDelegate.m */; };
		ECE9633C1A92C3CE00F629C2 /* ViewController.m in Sources */ = {isa = PBXBuildFile; fileRef = ECE9633B1A92C3CE00F629C2 /* ViewController.m */; };
		ECE9633F1A92C3CE00F629C2 /* Main.storyboard in Resources */ = {isa = PBXBuildFile; fileRef = ECE9633D1A92C3CE00F629C2 /* Main.storyboard */; };
		ECE963411A92C3CE00F629C2 /* Images.xcassets in Resources */ = {isa = PBXBuildFile; fileRef = ECE963401A92C3CE00F629C2 /* Images.xcassets */; };
		ECE963441A92C3CE00F629C2 /* LaunchScreen.xib in Resources */ = {isa = PBXBuildFile; fileRef = ECE963421A92C3CE00F629C2 /* LaunchScreen.xib */; };
		ECE963501A92C3CE00F629C2 /* BackTrackSoloTests.m in Sources */ = {isa = PBXBuildFile; fileRef = ECE9634F1A92C3CE00F629C2 /* BackTrackSoloTests.m */; };
/* End PBXBuildFile section */

/* Begin PBXContainerItemProxy section */
		ECE9634A1A92C3CE00F629C2 /* PBXContainerItemProxy */ = {
			isa = PBXContainerItemProxy;
			containerPortal = ECE963281A92C3CE00F629C2 /* Project object */;
			proxyType = 1;
			remoteGlobalIDString = ECE9632F1A92C3CE00F629C2;
			remoteInfo = BackTrackSolo;
		};
/* End PBXContainerItemProxy section */

/* Begin PBXFileReference section */
		6148DC7A36343B3730FDD837 /* libPods-BackTrackSolo.a */ = {isa = PBXFileReference; explicitFileType = archive.ar; includeInIndex = 0; path = "libPods-BackTrackSolo.a"; sourceTree = BUILT_PRODUCTS_DIR; };
		77F4AFB11A9C3BC600C10DCE /* piano_01.pd */ = {isa = PBXFileReference; fileEncoding = 4; lastKnownFileType = text; name = piano_01.pd; path = ../../puredata/piano_01.pd; sourceTree = "<group>"; };
		881FD646926097B3D4BEFAF6 /* Pods-BackTrackSolo.debug.xcconfig */ = {isa = PBXFileReference; includeInIndex = 1; lastKnownFileType = text.xcconfig; name = "Pods-BackTrackSolo.debug.xcconfig"; path = "Pods/Target Support Files/Pods-BackTrackSolo/Pods-BackTrackSolo.debug.xcconfig"; sourceTree = "<group>"; };
		96DC4E7C4960CAEB69DA6257 /* Pods-BackTrackSolo.release.xcconfig */ = {isa = PBXFileReference; includeInIndex = 1; lastKnownFileType = text.xcconfig; name = "Pods-BackTrackSolo.release.xcconfig"; path = "Pods/Target Support Files/Pods-BackTrackSolo/Pods-BackTrackSolo.release.xcconfig"; sourceTree = "<group>"; };
		EC5C3C651A9C2240005EC068 /* demo.pd */ = {isa = PBXFileReference; fileEncoding = 4; lastKnownFileType = text; path = demo.pd; sourceTree = "<group>"; };
		EC7621BD1A9A7A53006E64E7 /* BackTrackSolo-Bridging-Header.h */ = {isa = PBXFileReference; lastKnownFileType = sourcecode.c.h; path = "BackTrackSolo-Bridging-Header.h"; sourceTree = "<group>"; };
		EC7621BE1A9A7A53006E64E7 /* SwiftViewController.swift */ = {isa = PBXFileReference; fileEncoding = 4; lastKnownFileType = sourcecode.swift; path = SwiftViewController.swift; sourceTree = "<group>"; };
		ECE963301A92C3CE00F629C2 /* BackTrackSolo.app */ = {isa = PBXFileReference; explicitFileType = wrapper.application; includeInIndex = 0; path = BackTrackSolo.app; sourceTree = BUILT_PRODUCTS_DIR; };
		ECE963341A92C3CE00F629C2 /* Info.plist */ = {isa = PBXFileReference; lastKnownFileType = text.plist.xml; path = Info.plist; sourceTree = "<group>"; };
		ECE963351A92C3CE00F629C2 /* main.m */ = {isa = PBXFileReference; lastKnownFileType = sourcecode.c.objc; path = main.m; sourceTree = "<group>"; };
		ECE963371A92C3CE00F629C2 /* AppDelegate.h */ = {isa = PBXFileReference; lastKnownFileType = sourcecode.c.h; path = AppDelegate.h; sourceTree = "<group>"; };
		ECE963381A92C3CE00F629C2 /* AppDelegate.m */ = {isa = PBXFileReference; lastKnownFileType = sourcecode.c.objc; path = AppDelegate.m; sourceTree = "<group>"; };
		ECE9633A1A92C3CE00F629C2 /* ViewController.h */ = {isa = PBXFileReference; lastKnownFileType = sourcecode.c.h; path = ViewController.h; sourceTree = "<group>"; };
		ECE9633B1A92C3CE00F629C2 /* ViewController.m */ = {isa = PBXFileReference; lastKnownFileType = sourcecode.c.objc; path = ViewController.m; sourceTree = "<group>"; };
		ECE9633E1A92C3CE00F629C2 /* Base */ = {isa = PBXFileReference; lastKnownFileType = file.storyboard; name = Base; path = Base.lproj/Main.storyboard; sourceTree = "<group>"; };
		ECE963401A92C3CE00F629C2 /* Images.xcassets */ = {isa = PBXFileReference; lastKnownFileType = folder.assetcatalog; path = Images.xcassets; sourceTree = "<group>"; };
		ECE963431A92C3CE00F629C2 /* Base */ = {isa = PBXFileReference; lastKnownFileType = file.xib; name = Base; path = Base.lproj/LaunchScreen.xib; sourceTree = "<group>"; };
		ECE963491A92C3CE00F629C2 /* BackTrackSoloTests.xctest */ = {isa = PBXFileReference; explicitFileType = wrapper.cfbundle; includeInIndex = 0; path = BackTrackSoloTests.xctest; sourceTree = BUILT_PRODUCTS_DIR; };
		ECE9634E1A92C3CE00F629C2 /* Info.plist */ = {isa = PBXFileReference; lastKnownFileType = text.plist.xml; path = Info.plist; sourceTree = "<group>"; };
		ECE9634F1A92C3CE00F629C2 /* BackTrackSoloTests.m */ = {isa = PBXFileReference; lastKnownFileType = sourcecode.c.objc; path = BackTrackSoloTests.m; sourceTree = "<group>"; };
/* End PBXFileReference section */

/* Begin PBXFrameworksBuildPhase section */
		ECE9632D1A92C3CE00F629C2 /* Frameworks */ = {
			isa = PBXFrameworksBuildPhase;
			buildActionMask = 2147483647;
			files = (
				9DBE8D850440AE54BF735471 /* libPods-BackTrackSolo.a in Frameworks */,
			);
			runOnlyForDeploymentPostprocessing = 0;
		};
		ECE963461A92C3CE00F629C2 /* Frameworks */ = {
			isa = PBXFrameworksBuildPhase;
			buildActionMask = 2147483647;
			files = (
			);
			runOnlyForDeploymentPostprocessing = 0;
		};
/* End PBXFrameworksBuildPhase section */

/* Begin PBXGroup section */
		3B54ECBE8347543A86B0A92B /* Frameworks */ = {
			isa = PBXGroup;
			children = (
				6148DC7A36343B3730FDD837 /* libPods-BackTrackSolo.a */,
			);
			name = Frameworks;
			sourceTree = "<group>";
		};
		5ED7381649603BFF95D724A9 /* Pods */ = {
			isa = PBXGroup;
			children = (
				881FD646926097B3D4BEFAF6 /* Pods-BackTrackSolo.debug.xcconfig */,
				96DC4E7C4960CAEB69DA6257 /* Pods-BackTrackSolo.release.xcconfig */,
			);
			name = Pods;
			sourceTree = "<group>";
		};
		ECE963271A92C3CE00F629C2 = {
			isa = PBXGroup;
			children = (
				ECE963321A92C3CE00F629C2 /* BackTrackSolo */,
				ECE9634C1A92C3CE00F629C2 /* BackTrackSoloTests */,
				ECE963311A92C3CE00F629C2 /* Products */,
				5ED7381649603BFF95D724A9 /* Pods */,
				3B54ECBE8347543A86B0A92B /* Frameworks */,
			);
			sourceTree = "<group>";
		};
		ECE963311A92C3CE00F629C2 /* Products */ = {
			isa = PBXGroup;
			children = (
				ECE963301A92C3CE00F629C2 /* BackTrackSolo.app */,
				ECE963491A92C3CE00F629C2 /* BackTrackSoloTests.xctest */,
			);
			name = Products;
			sourceTree = "<group>";
		};
		ECE963321A92C3CE00F629C2 /* BackTrackSolo */ = {
			isa = PBXGroup;
			children = (
				77F4AFB11A9C3BC600C10DCE /* piano_01.pd */,
				EC5C3C651A9C2240005EC068 /* demo.pd */,
				ECE963371A92C3CE00F629C2 /* AppDelegate.h */,
				ECE963381A92C3CE00F629C2 /* AppDelegate.m */,
				ECE9633A1A92C3CE00F629C2 /* ViewController.h */,
				ECE9633B1A92C3CE00F629C2 /* ViewController.m */,
				ECE9633D1A92C3CE00F629C2 /* Main.storyboard */,
				EC7621BE1A9A7A53006E64E7 /* SwiftViewController.swift */,
				ECE963401A92C3CE00F629C2 /* Images.xcassets */,
				ECE963421A92C3CE00F629C2 /* LaunchScreen.xib */,
				ECE963331A92C3CE00F629C2 /* Supporting Files */,
				EC7621BD1A9A7A53006E64E7 /* BackTrackSolo-Bridging-Header.h */,
			);
			path = BackTrackSolo;
			sourceTree = "<group>";
		};
		ECE963331A92C3CE00F629C2 /* Supporting Files */ = {
			isa = PBXGroup;
			children = (
				ECE963341A92C3CE00F629C2 /* Info.plist */,
				ECE963351A92C3CE00F629C2 /* main.m */,
			);
			name = "Supporting Files";
			sourceTree = "<group>";
		};
		ECE9634C1A92C3CE00F629C2 /* BackTrackSoloTests */ = {
			isa = PBXGroup;
			children = (
				ECE9634F1A92C3CE00F629C2 /* BackTrackSoloTests.m */,
				ECE9634D1A92C3CE00F629C2 /* Supporting Files */,
			);
			path = BackTrackSoloTests;
			sourceTree = "<group>";
		};
		ECE9634D1A92C3CE00F629C2 /* Supporting Files */ = {
			isa = PBXGroup;
			children = (
				ECE9634E1A92C3CE00F629C2 /* Info.plist */,
			);
			name = "Supporting Files";
			sourceTree = "<group>";
		};
/* End PBXGroup section */

/* Begin PBXNativeTarget section */
		ECE9632F1A92C3CE00F629C2 /* BackTrackSolo */ = {
			isa = PBXNativeTarget;
			buildConfigurationList = ECE963531A92C3CE00F629C2 /* Build configuration list for PBXNativeTarget "BackTrackSolo" */;
			buildPhases = (
				CB3219D01D495A9F7FE7CBA3 /* Check Pods Manifest.lock */,
				ECE9632C1A92C3CE00F629C2 /* Sources */,
				ECE9632D1A92C3CE00F629C2 /* Frameworks */,
				ECE9632E1A92C3CE00F629C2 /* Resources */,
				4CEA7060A7B2F69C9831B8B9 /* Copy Pods Resources */,
			);
			buildRules = (
			);
			dependencies = (
			);
			name = BackTrackSolo;
			productName = BackTrackSolo;
			productReference = ECE963301A92C3CE00F629C2 /* BackTrackSolo.app */;
			productType = "com.apple.product-type.application";
		};
		ECE963481A92C3CE00F629C2 /* BackTrackSoloTests */ = {
			isa = PBXNativeTarget;
			buildConfigurationList = ECE963561A92C3CE00F629C2 /* Build configuration list for PBXNativeTarget "BackTrackSoloTests" */;
			buildPhases = (
				ECE963451A92C3CE00F629C2 /* Sources */,
				ECE963461A92C3CE00F629C2 /* Frameworks */,
				ECE963471A92C3CE00F629C2 /* Resources */,
			);
			buildRules = (
			);
			dependencies = (
				ECE9634B1A92C3CE00F629C2 /* PBXTargetDependency */,
			);
			name = BackTrackSoloTests;
			productName = BackTrackSoloTests;
			productReference = ECE963491A92C3CE00F629C2 /* BackTrackSoloTests.xctest */;
			productType = "com.apple.product-type.bundle.unit-test";
		};
/* End PBXNativeTarget section */

/* Begin PBXProject section */
		ECE963281A92C3CE00F629C2 /* Project object */ = {
			isa = PBXProject;
			attributes = {
				LastUpgradeCheck = 0610;
				ORGANIZATIONNAME = COMP150;
				TargetAttributes = {
					ECE9632F1A92C3CE00F629C2 = {
						CreatedOnToolsVersion = 6.1.1;
					};
					ECE963481A92C3CE00F629C2 = {
						CreatedOnToolsVersion = 6.1.1;
						TestTargetID = ECE9632F1A92C3CE00F629C2;
					};
				};
			};
			buildConfigurationList = ECE9632B1A92C3CE00F629C2 /* Build configuration list for PBXProject "BackTrackSolo" */;
			compatibilityVersion = "Xcode 3.2";
			developmentRegion = English;
			hasScannedForEncodings = 0;
			knownRegions = (
				en,
				Base,
			);
			mainGroup = ECE963271A92C3CE00F629C2;
			productRefGroup = ECE963311A92C3CE00F629C2 /* Products */;
			projectDirPath = "";
			projectRoot = "";
			targets = (
				ECE9632F1A92C3CE00F629C2 /* BackTrackSolo */,
				ECE963481A92C3CE00F629C2 /* BackTrackSoloTests */,
			);
		};
/* End PBXProject section */

/* Begin PBXResourcesBuildPhase section */
		ECE9632E1A92C3CE00F629C2 /* Resources */ = {
			isa = PBXResourcesBuildPhase;
			buildActionMask = 2147483647;
			files = (
				ECE9633F1A92C3CE00F629C2 /* Main.storyboard in Resources */,
				ECE963441A92C3CE00F629C2 /* LaunchScreen.xib in Resources */,
				77F4AFB21A9C3BC600C10DCE /* piano_01.pd in Resources */,
				EC5C3C661A9C2240005EC068 /* demo.pd in Resources */,
				ECE963411A92C3CE00F629C2 /* Images.xcassets in Resources */,
			);
			runOnlyForDeploymentPostprocessing = 0;
		};
		ECE963471A92C3CE00F629C2 /* Resources */ = {
			isa = PBXResourcesBuildPhase;
			buildActionMask = 2147483647;
			files = (
			);
			runOnlyForDeploymentPostprocessing = 0;
		};
/* End PBXResourcesBuildPhase section */

/* Begin PBXShellScriptBuildPhase section */
		4CEA7060A7B2F69C9831B8B9 /* Copy Pods Resources */ = {
			isa = PBXShellScriptBuildPhase;
			buildActionMask = 2147483647;
			files = (
			);
			inputPaths = (
			);
			name = "Copy Pods Resources";
			outputPaths = (
			);
			runOnlyForDeploymentPostprocessing = 0;
			shellPath = /bin/sh;
			shellScript = "\"${SRCROOT}/Pods/Target Support Files/Pods-BackTrackSolo/Pods-BackTrackSolo-resources.sh\"\n";
			showEnvVarsInLog = 0;
		};
		CB3219D01D495A9F7FE7CBA3 /* Check Pods Manifest.lock */ = {
			isa = PBXShellScriptBuildPhase;
			buildActionMask = 2147483647;
			files = (
			);
			inputPaths = (
			);
			name = "Check Pods Manifest.lock";
			outputPaths = (
			);
			runOnlyForDeploymentPostprocessing = 0;
			shellPath = /bin/sh;
			shellScript = "diff \"${PODS_ROOT}/../Podfile.lock\" \"${PODS_ROOT}/Manifest.lock\" > /dev/null\nif [[ $? != 0 ]] ; then\n    cat << EOM\nerror: The sandbox is not in sync with the Podfile.lock. Run 'pod install' or update your CocoaPods installation.\nEOM\n    exit 1\nfi\n";
			showEnvVarsInLog = 0;
		};
/* End PBXShellScriptBuildPhase section */

/* Begin PBXSourcesBuildPhase section */
		ECE9632C1A92C3CE00F629C2 /* Sources */ = {
			isa = PBXSourcesBuildPhase;
			buildActionMask = 2147483647;
			files = (
				EC7621BF1A9A7A53006E64E7 /* SwiftViewController.swift in Sources */,
				ECE9633C1A92C3CE00F629C2 /* ViewController.m in Sources */,
				ECE963391A92C3CE00F629C2 /* AppDelegate.m in Sources */,
				ECE963361A92C3CE00F629C2 /* main.m in Sources */,
			);
			runOnlyForDeploymentPostprocessing = 0;
		};
		ECE963451A92C3CE00F629C2 /* Sources */ = {
			isa = PBXSourcesBuildPhase;
			buildActionMask = 2147483647;
			files = (
				ECE963501A92C3CE00F629C2 /* BackTrackSoloTests.m in Sources */,
			);
			runOnlyForDeploymentPostprocessing = 0;
		};
/* End PBXSourcesBuildPhase section */

/* Begin PBXTargetDependency section */
		ECE9634B1A92C3CE00F629C2 /* PBXTargetDependency */ = {
			isa = PBXTargetDependency;
			target = ECE9632F1A92C3CE00F629C2 /* BackTrackSolo */;
			targetProxy = ECE9634A1A92C3CE00F629C2 /* PBXContainerItemProxy */;
		};
/* End PBXTargetDependency section */

/* Begin PBXVariantGroup section */
		ECE9633D1A92C3CE00F629C2 /* Main.storyboard */ = {
			isa = PBXVariantGroup;
			children = (
				ECE9633E1A92C3CE00F629C2 /* Base */,
			);
			name = Main.storyboard;
			sourceTree = "<group>";
		};
		ECE963421A92C3CE00F629C2 /* LaunchScreen.xib */ = {
			isa = PBXVariantGroup;
			children = (
				ECE963431A92C3CE00F629C2 /* Base */,
			);
			name = LaunchScreen.xib;
			sourceTree = "<group>";
		};
/* End PBXVariantGroup section */

/* Begin XCBuildConfiguration section */
		ECE963511A92C3CE00F629C2 /* Debug */ = {
			isa = XCBuildConfiguration;
			buildSettings = {
				ALWAYS_SEARCH_USER_PATHS = NO;
				CLANG_CXX_LANGUAGE_STANDARD = "gnu++0x";
				CLANG_CXX_LIBRARY = "libc++";
				CLANG_ENABLE_MODULES = YES;
				CLANG_ENABLE_OBJC_ARC = YES;
				CLANG_WARN_BOOL_CONVERSION = YES;
				CLANG_WARN_CONSTANT_CONVERSION = YES;
				CLANG_WARN_DIRECT_OBJC_ISA_USAGE = YES_ERROR;
				CLANG_WARN_EMPTY_BODY = YES;
				CLANG_WARN_ENUM_CONVERSION = YES;
				CLANG_WARN_INT_CONVERSION = YES;
				CLANG_WARN_OBJC_ROOT_CLASS = YES_ERROR;
				CLANG_WARN_UNREACHABLE_CODE = YES;
				CLANG_WARN__DUPLICATE_METHOD_MATCH = YES;
				"CODE_SIGN_IDENTITY[sdk=iphoneos*]" = "iPhone Developer";
				COPY_PHASE_STRIP = NO;
				ENABLE_STRICT_OBJC_MSGSEND = YES;
				GCC_C_LANGUAGE_STANDARD = gnu99;
				GCC_DYNAMIC_NO_PIC = NO;
				GCC_OPTIMIZATION_LEVEL = 0;
				GCC_PREPROCESSOR_DEFINITIONS = (
					"DEBUG=1",
					"$(inherited)",
				);
				GCC_SYMBOLS_PRIVATE_EXTERN = NO;
				GCC_WARN_64_TO_32_BIT_CONVERSION = YES;
				GCC_WARN_ABOUT_RETURN_TYPE = YES_ERROR;
				GCC_WARN_UNDECLARED_SELECTOR = YES;
				GCC_WARN_UNINITIALIZED_AUTOS = YES_AGGRESSIVE;
				GCC_WARN_UNUSED_FUNCTION = YES;
				GCC_WARN_UNUSED_VARIABLE = YES;
				IPHONEOS_DEPLOYMENT_TARGET = 8.1;
				MTL_ENABLE_DEBUG_INFO = YES;
				ONLY_ACTIVE_ARCH = YES;
				SDKROOT = iphoneos;
				TARGETED_DEVICE_FAMILY = "1,2";
			};
			name = Debug;
		};
		ECE963521A92C3CE00F629C2 /* Release */ = {
			isa = XCBuildConfiguration;
			buildSettings = {
				ALWAYS_SEARCH_USER_PATHS = NO;
				CLANG_CXX_LANGUAGE_STANDARD = "gnu++0x";
				CLANG_CXX_LIBRARY = "libc++";
				CLANG_ENABLE_MODULES = YES;
				CLANG_ENABLE_OBJC_ARC = YES;
				CLANG_WARN_BOOL_CONVERSION = YES;
				CLANG_WARN_CONSTANT_CONVERSION = YES;
				CLANG_WARN_DIRECT_OBJC_ISA_USAGE = YES_ERROR;
				CLANG_WARN_EMPTY_BODY = YES;
				CLANG_WARN_ENUM_CONVERSION = YES;
				CLANG_WARN_INT_CONVERSION = YES;
				CLANG_WARN_OBJC_ROOT_CLASS = YES_ERROR;
				CLANG_WARN_UNREACHABLE_CODE = YES;
				CLANG_WARN__DUPLICATE_METHOD_MATCH = YES;
				"CODE_SIGN_IDENTITY[sdk=iphoneos*]" = "iPhone Developer";
				COPY_PHASE_STRIP = YES;
				ENABLE_NS_ASSERTIONS = NO;
				ENABLE_STRICT_OBJC_MSGSEND = YES;
				GCC_C_LANGUAGE_STANDARD = gnu99;
				GCC_WARN_64_TO_32_BIT_CONVERSION = YES;
				GCC_WARN_ABOUT_RETURN_TYPE = YES_ERROR;
				GCC_WARN_UNDECLARED_SELECTOR = YES;
				GCC_WARN_UNINITIALIZED_AUTOS = YES_AGGRESSIVE;
				GCC_WARN_UNUSED_FUNCTION = YES;
				GCC_WARN_UNUSED_VARIABLE = YES;
				IPHONEOS_DEPLOYMENT_TARGET = 8.1;
				MTL_ENABLE_DEBUG_INFO = NO;
				SDKROOT = iphoneos;
				TARGETED_DEVICE_FAMILY = "1,2";
				VALIDATE_PRODUCT = YES;
			};
			name = Release;
		};
		ECE963541A92C3CE00F629C2 /* Debug */ = {
			isa = XCBuildConfiguration;
			baseConfigurationReference = 881FD646926097B3D4BEFAF6 /* Pods-BackTrackSolo.debug.xcconfig */;
			buildSettings = {
				ASSETCATALOG_COMPILER_APPICON_NAME = AppIcon;
				CLANG_ENABLE_MODULES = YES;
				INFOPLIST_FILE = BackTrackSolo/Info.plist;
				LD_RUNPATH_SEARCH_PATHS = "$(inherited) @executable_path/Frameworks";
				PRODUCT_NAME = "$(TARGET_NAME)";
				SWIFT_OBJC_BRIDGING_HEADER = "BackTrackSolo/BackTrackSolo-Bridging-Header.h";
				SWIFT_OPTIMIZATION_LEVEL = "-Onone";
			};
			name = Debug;
		};
		ECE963551A92C3CE00F629C2 /* Release */ = {
			isa = XCBuildConfiguration;
			baseConfigurationReference = 96DC4E7C4960CAEB69DA6257 /* Pods-BackTrackSolo.release.xcconfig */;
			buildSettings = {
				ASSETCATALOG_COMPILER_APPICON_NAME = AppIcon;
				CLANG_ENABLE_MODULES = YES;
				INFOPLIST_FILE = BackTrackSolo/Info.plist;
				LD_RUNPATH_SEARCH_PATHS = "$(inherited) @executable_path/Frameworks";
				PRODUCT_NAME = "$(TARGET_NAME)";
				SWIFT_OBJC_BRIDGING_HEADER = "BackTrackSolo/BackTrackSolo-Bridging-Header.h";
			};
			name = Release;
		};
		ECE963571A92C3CE00F629C2 /* Debug */ = {
			isa = XCBuildConfiguration;
			buildSettings = {
				BUNDLE_LOADER = "$(TEST_HOST)";
				FRAMEWORK_SEARCH_PATHS = (
					"$(SDKROOT)/Developer/Library/Frameworks",
					"$(inherited)",
				);
				GCC_PREPROCESSOR_DEFINITIONS = (
					"DEBUG=1",
					"$(inherited)",
				);
				INFOPLIST_FILE = BackTrackSoloTests/Info.plist;
				LD_RUNPATH_SEARCH_PATHS = "$(inherited) @executable_path/Frameworks @loader_path/Frameworks";
				PRODUCT_NAME = "$(TARGET_NAME)";
				TEST_HOST = "$(BUILT_PRODUCTS_DIR)/BackTrackSolo.app/BackTrackSolo";
			};
			name = Debug;
		};
		ECE963581A92C3CE00F629C2 /* Release */ = {
			isa = XCBuildConfiguration;
			buildSettings = {
				BUNDLE_LOADER = "$(TEST_HOST)";
				FRAMEWORK_SEARCH_PATHS = (
					"$(SDKROOT)/Developer/Library/Frameworks",
					"$(inherited)",
				);
				INFOPLIST_FILE = BackTrackSoloTests/Info.plist;
				LD_RUNPATH_SEARCH_PATHS = "$(inherited) @executable_path/Frameworks @loader_path/Frameworks";
				PRODUCT_NAME = "$(TARGET_NAME)";
				TEST_HOST = "$(BUILT_PRODUCTS_DIR)/BackTrackSolo.app/BackTrackSolo";
			};
			name = Release;
		};
/* End XCBuildConfiguration section */

/* Begin XCConfigurationList section */
		ECE9632B1A92C3CE00F629C2 /* Build configuration list for PBXProject "BackTrackSolo" */ = {
			isa = XCConfigurationList;
			buildConfigurations = (
				ECE963511A92C3CE00F629C2 /* Debug */,
				ECE963521A92C3CE00F629C2 /* Release */,
			);
			defaultConfigurationIsVisible = 0;
			defaultConfigurationName = Release;
		};
		ECE963531A92C3CE00F629C2 /* Build configuration list for PBXNativeTarget "BackTrackSolo" */ = {
			isa = XCConfigurationList;
			buildConfigurations = (
				ECE963541A92C3CE00F629C2 /* Debug */,
				ECE963551A92C3CE00F629C2 /* Release */,
			);
			defaultConfigurationIsVisible = 0;
			defaultConfigurationName = Release;
		};
		ECE963561A92C3CE00F629C2 /* Build configuration list for PBXNativeTarget "BackTrackSoloTests" */ = {
			isa = XCConfigurationList;
			buildConfigurations = (
				ECE963571A92C3CE00F629C2 /* Debug */,
				ECE963581A92C3CE00F629C2 /* Release */,
			);
			defaultConfigurationIsVisible = 0;
			defaultConfigurationName = Release;
		};
/* End XCConfigurationList section */
	};
	rootObject = ECE963281A92C3CE00F629C2 /* Project object */;
}
