// !$*UTF8*$!
{
	archiveVersion = 1;
	classes = {
	};
	objectVersion = 46;
	objects = {

/* Begin PBXBuildFile section */
		5EF4D6D8B18BEC8844A62B71 /* libPods-BackTrackV2.a in Frameworks */ = {isa = PBXBuildFile; fileRef = 58AB865CA4295DC3D0FC6EDF /* libPods-BackTrackV2.a */; };
		EC6759341AD48FF6000D5C89 /* PlayArea.swift in Sources */ = {isa = PBXBuildFile; fileRef = EC6759331AD48FF6000D5C89 /* PlayArea.swift */; };
		EC85AA101AC621FA008D1CD8 /* main.m in Sources */ = {isa = PBXBuildFile; fileRef = EC85AA0F1AC621FA008D1CD8 /* main.m */; };
		EC85AA131AC621FA008D1CD8 /* AppDelegate.m in Sources */ = {isa = PBXBuildFile; fileRef = EC85AA121AC621FA008D1CD8 /* AppDelegate.m */; };
		EC85AA161AC621FA008D1CD8 /* ViewController.m in Sources */ = {isa = PBXBuildFile; fileRef = EC85AA151AC621FA008D1CD8 /* ViewController.m */; };
		EC85AA191AC621FA008D1CD8 /* Main.storyboard in Resources */ = {isa = PBXBuildFile; fileRef = EC85AA171AC621FA008D1CD8 /* Main.storyboard */; };
		EC85AA1B1AC621FA008D1CD8 /* Images.xcassets in Resources */ = {isa = PBXBuildFile; fileRef = EC85AA1A1AC621FA008D1CD8 /* Images.xcassets */; };
		EC85AA1E1AC621FA008D1CD8 /* LaunchScreen.xib in Resources */ = {isa = PBXBuildFile; fileRef = EC85AA1C1AC621FA008D1CD8 /* LaunchScreen.xib */; };
		EC85AA2A1AC621FA008D1CD8 /* BackTrackV2Tests.m in Sources */ = {isa = PBXBuildFile; fileRef = EC85AA291AC621FA008D1CD8 /* BackTrackV2Tests.m */; };
		EC85AA351AC62428008D1CD8 /* StaffVC.swift in Sources */ = {isa = PBXBuildFile; fileRef = EC85AA341AC62428008D1CD8 /* StaffVC.swift */; };
		EC85AA371AC624DB008D1CD8 /* MainVC.swift in Sources */ = {isa = PBXBuildFile; fileRef = EC85AA361AC624DB008D1CD8 /* MainVC.swift */; };
		EC85AA391AC63794008D1CD8 /* BTVC.swift in Sources */ = {isa = PBXBuildFile; fileRef = EC85AA381AC63794008D1CD8 /* BTVC.swift */; };
		EC85AA3B1AC63820008D1CD8 /* NoteSelectionVC.swift in Sources */ = {isa = PBXBuildFile; fileRef = EC85AA3A1AC63820008D1CD8 /* NoteSelectionVC.swift */; };
		EC85AA3D1AC63856008D1CD8 /* LeadSoundVC.swift in Sources */ = {isa = PBXBuildFile; fileRef = EC85AA3C1AC63856008D1CD8 /* LeadSoundVC.swift */; };
		ECC15EFD1ACB504500FC3E01 /* LeadEffectsVC.swift in Sources */ = {isa = PBXBuildFile; fileRef = ECC15EFC1ACB504500FC3E01 /* LeadEffectsVC.swift */; };
/* End PBXBuildFile section */

/* Begin PBXContainerItemProxy section */
		EC85AA241AC621FA008D1CD8 /* PBXContainerItemProxy */ = {
			isa = PBXContainerItemProxy;
			containerPortal = EC85AA021AC621FA008D1CD8 /* Project object */;
			proxyType = 1;
			remoteGlobalIDString = EC85AA091AC621FA008D1CD8;
			remoteInfo = BackTrackV2;
		};
/* End PBXContainerItemProxy section */

/* Begin PBXFileReference section */
		26983D95E6B7DD314342DB29 /* Pods-BackTrackV2.release.xcconfig */ = {isa = PBXFileReference; includeInIndex = 1; lastKnownFileType = text.xcconfig; name = "Pods-BackTrackV2.release.xcconfig"; path = "Pods/Target Support Files/Pods-BackTrackV2/Pods-BackTrackV2.release.xcconfig"; sourceTree = "<group>"; };
		58AB865CA4295DC3D0FC6EDF /* libPods-BackTrackV2.a */ = {isa = PBXFileReference; explicitFileType = archive.ar; includeInIndex = 0; path = "libPods-BackTrackV2.a"; sourceTree = BUILT_PRODUCTS_DIR; };
		945879EFBE1A818F0699B8E7 /* Pods-BackTrackV2.debug.xcconfig */ = {isa = PBXFileReference; includeInIndex = 1; lastKnownFileType = text.xcconfig; name = "Pods-BackTrackV2.debug.xcconfig"; path = "Pods/Target Support Files/Pods-BackTrackV2/Pods-BackTrackV2.debug.xcconfig"; sourceTree = "<group>"; };
		EC6759331AD48FF6000D5C89 /* PlayArea.swift */ = {isa = PBXFileReference; fileEncoding = 4; lastKnownFileType = sourcecode.swift; path = PlayArea.swift; sourceTree = "<group>"; };
		EC85AA0A1AC621FA008D1CD8 /* BackTrackV2.app */ = {isa = PBXFileReference; explicitFileType = wrapper.application; includeInIndex = 0; path = BackTrackV2.app; sourceTree = BUILT_PRODUCTS_DIR; };
		EC85AA0E1AC621FA008D1CD8 /* Info.plist */ = {isa = PBXFileReference; lastKnownFileType = text.plist.xml; path = Info.plist; sourceTree = "<group>"; };
		EC85AA0F1AC621FA008D1CD8 /* main.m */ = {isa = PBXFileReference; lastKnownFileType = sourcecode.c.objc; path = main.m; sourceTree = "<group>"; };
		EC85AA111AC621FA008D1CD8 /* AppDelegate.h */ = {isa = PBXFileReference; lastKnownFileType = sourcecode.c.h; path = AppDelegate.h; sourceTree = "<group>"; };
		EC85AA121AC621FA008D1CD8 /* AppDelegate.m */ = {isa = PBXFileReference; lastKnownFileType = sourcecode.c.objc; path = AppDelegate.m; sourceTree = "<group>"; };
		EC85AA141AC621FA008D1CD8 /* ViewController.h */ = {isa = PBXFileReference; lastKnownFileType = sourcecode.c.h; path = ViewController.h; sourceTree = "<group>"; };
		EC85AA151AC621FA008D1CD8 /* ViewController.m */ = {isa = PBXFileReference; lastKnownFileType = sourcecode.c.objc; path = ViewController.m; sourceTree = "<group>"; };
		EC85AA181AC621FA008D1CD8 /* Base */ = {isa = PBXFileReference; lastKnownFileType = file.storyboard; name = Base; path = Base.lproj/Main.storyboard; sourceTree = "<group>"; };
		EC85AA1A1AC621FA008D1CD8 /* Images.xcassets */ = {isa = PBXFileReference; lastKnownFileType = folder.assetcatalog; path = Images.xcassets; sourceTree = "<group>"; };
		EC85AA1D1AC621FA008D1CD8 /* Base */ = {isa = PBXFileReference; lastKnownFileType = file.xib; name = Base; path = Base.lproj/LaunchScreen.xib; sourceTree = "<group>"; };
		EC85AA231AC621FA008D1CD8 /* BackTrackV2Tests.xctest */ = {isa = PBXFileReference; explicitFileType = wrapper.cfbundle; includeInIndex = 0; path = BackTrackV2Tests.xctest; sourceTree = BUILT_PRODUCTS_DIR; };
		EC85AA281AC621FA008D1CD8 /* Info.plist */ = {isa = PBXFileReference; lastKnownFileType = text.plist.xml; path = Info.plist; sourceTree = "<group>"; };
		EC85AA291AC621FA008D1CD8 /* BackTrackV2Tests.m */ = {isa = PBXFileReference; lastKnownFileType = sourcecode.c.objc; path = BackTrackV2Tests.m; sourceTree = "<group>"; };
		EC85AA331AC62428008D1CD8 /* BackTrackV2-Bridging-Header.h */ = {isa = PBXFileReference; lastKnownFileType = sourcecode.c.h; path = "BackTrackV2-Bridging-Header.h"; sourceTree = "<group>"; };
		EC85AA341AC62428008D1CD8 /* StaffVC.swift */ = {isa = PBXFileReference; fileEncoding = 4; lastKnownFileType = sourcecode.swift; path = StaffVC.swift; sourceTree = "<group>"; };
		EC85AA361AC624DB008D1CD8 /* MainVC.swift */ = {isa = PBXFileReference; fileEncoding = 4; lastKnownFileType = sourcecode.swift; path = MainVC.swift; sourceTree = "<group>"; };
		EC85AA381AC63794008D1CD8 /* BTVC.swift */ = {isa = PBXFileReference; fileEncoding = 4; lastKnownFileType = sourcecode.swift; path = BTVC.swift; sourceTree = "<group>"; };
		EC85AA3A1AC63820008D1CD8 /* NoteSelectionVC.swift */ = {isa = PBXFileReference; fileEncoding = 4; lastKnownFileType = sourcecode.swift; path = NoteSelectionVC.swift; sourceTree = "<group>"; };
		EC85AA3C1AC63856008D1CD8 /* LeadSoundVC.swift */ = {isa = PBXFileReference; fileEncoding = 4; lastKnownFileType = sourcecode.swift; path = LeadSoundVC.swift; sourceTree = "<group>"; };
		ECC15EFC1ACB504500FC3E01 /* LeadEffectsVC.swift */ = {isa = PBXFileReference; fileEncoding = 4; lastKnownFileType = sourcecode.swift; path = LeadEffectsVC.swift; sourceTree = "<group>"; };
/* End PBXFileReference section */

/* Begin PBXFrameworksBuildPhase section */
		EC85AA071AC621FA008D1CD8 /* Frameworks */ = {
			isa = PBXFrameworksBuildPhase;
			buildActionMask = 2147483647;
			files = (
				5EF4D6D8B18BEC8844A62B71 /* libPods-BackTrackV2.a in Frameworks */,
			);
			runOnlyForDeploymentPostprocessing = 0;
		};
		EC85AA201AC621FA008D1CD8 /* Frameworks */ = {
			isa = PBXFrameworksBuildPhase;
			buildActionMask = 2147483647;
			files = (
			);
			runOnlyForDeploymentPostprocessing = 0;
		};
/* End PBXFrameworksBuildPhase section */

/* Begin PBXGroup section */
		804D0C7F03980236E93420B1 /* Pods */ = {
			isa = PBXGroup;
			children = (
				945879EFBE1A818F0699B8E7 /* Pods-BackTrackV2.debug.xcconfig */,
				26983D95E6B7DD314342DB29 /* Pods-BackTrackV2.release.xcconfig */,
			);
			name = Pods;
			sourceTree = "<group>";
		};
		EC85AA011AC621FA008D1CD8 = {
			isa = PBXGroup;
			children = (
				EC85AA0C1AC621FA008D1CD8 /* BackTrackV2 */,
				EC85AA261AC621FA008D1CD8 /* BackTrackV2Tests */,
				EC85AA0B1AC621FA008D1CD8 /* Products */,
				804D0C7F03980236E93420B1 /* Pods */,
				F0A4B2F7B353A2347F630D48 /* Frameworks */,
			);
			sourceTree = "<group>";
		};
		EC85AA0B1AC621FA008D1CD8 /* Products */ = {
			isa = PBXGroup;
			children = (
				EC85AA0A1AC621FA008D1CD8 /* BackTrackV2.app */,
				EC85AA231AC621FA008D1CD8 /* BackTrackV2Tests.xctest */,
			);
			name = Products;
			sourceTree = "<group>";
		};
		EC85AA0C1AC621FA008D1CD8 /* BackTrackV2 */ = {
			isa = PBXGroup;
			children = (
				EC85AA111AC621FA008D1CD8 /* AppDelegate.h */,
				EC85AA121AC621FA008D1CD8 /* AppDelegate.m */,
				EC85AA141AC621FA008D1CD8 /* ViewController.h */,
				EC85AA341AC62428008D1CD8 /* StaffVC.swift */,
				EC6759331AD48FF6000D5C89 /* PlayArea.swift */,
				EC85AA151AC621FA008D1CD8 /* ViewController.m */,
				EC85AA361AC624DB008D1CD8 /* MainVC.swift */,
				EC85AA171AC621FA008D1CD8 /* Main.storyboard */,
				ECC15EFC1ACB504500FC3E01 /* LeadEffectsVC.swift */,
				EC85AA3C1AC63856008D1CD8 /* LeadSoundVC.swift */,
				EC85AA3A1AC63820008D1CD8 /* NoteSelectionVC.swift */,
				EC85AA381AC63794008D1CD8 /* BTVC.swift */,
				EC85AA1A1AC621FA008D1CD8 /* Images.xcassets */,
				EC85AA1C1AC621FA008D1CD8 /* LaunchScreen.xib */,
				EC85AA0D1AC621FA008D1CD8 /* Supporting Files */,
				EC85AA331AC62428008D1CD8 /* BackTrackV2-Bridging-Header.h */,
			);
			path = BackTrackV2;
			sourceTree = "<group>";
		};
		EC85AA0D1AC621FA008D1CD8 /* Supporting Files */ = {
			isa = PBXGroup;
			children = (
				EC85AA0E1AC621FA008D1CD8 /* Info.plist */,
				EC85AA0F1AC621FA008D1CD8 /* main.m */,
			);
			name = "Supporting Files";
			sourceTree = "<group>";
		};
		EC85AA261AC621FA008D1CD8 /* BackTrackV2Tests */ = {
			isa = PBXGroup;
			children = (
				EC85AA291AC621FA008D1CD8 /* BackTrackV2Tests.m */,
				EC85AA271AC621FA008D1CD8 /* Supporting Files */,
			);
			path = BackTrackV2Tests;
			sourceTree = "<group>";
		};
		EC85AA271AC621FA008D1CD8 /* Supporting Files */ = {
			isa = PBXGroup;
			children = (
				EC85AA281AC621FA008D1CD8 /* Info.plist */,
			);
			name = "Supporting Files";
			sourceTree = "<group>";
		};
		F0A4B2F7B353A2347F630D48 /* Frameworks */ = {
			isa = PBXGroup;
			children = (
				58AB865CA4295DC3D0FC6EDF /* libPods-BackTrackV2.a */,
			);
			name = Frameworks;
			sourceTree = "<group>";
		};
/* End PBXGroup section */

/* Begin PBXNativeTarget section */
		EC85AA091AC621FA008D1CD8 /* BackTrackV2 */ = {
			isa = PBXNativeTarget;
			buildConfigurationList = EC85AA2D1AC621FA008D1CD8 /* Build configuration list for PBXNativeTarget "BackTrackV2" */;
			buildPhases = (
				0EF70EC0BC701265BCC428BD /* Check Pods Manifest.lock */,
				EC85AA061AC621FA008D1CD8 /* Sources */,
				EC85AA071AC621FA008D1CD8 /* Frameworks */,
				EC85AA081AC621FA008D1CD8 /* Resources */,
				501CC72772DA89508F732FC3 /* Copy Pods Resources */,
			);
			buildRules = (
			);
			dependencies = (
			);
			name = BackTrackV2;
			productName = BackTrackV2;
			productReference = EC85AA0A1AC621FA008D1CD8 /* BackTrackV2.app */;
			productType = "com.apple.product-type.application";
		};
		EC85AA221AC621FA008D1CD8 /* BackTrackV2Tests */ = {
			isa = PBXNativeTarget;
			buildConfigurationList = EC85AA301AC621FA008D1CD8 /* Build configuration list for PBXNativeTarget "BackTrackV2Tests" */;
			buildPhases = (
				EC85AA1F1AC621FA008D1CD8 /* Sources */,
				EC85AA201AC621FA008D1CD8 /* Frameworks */,
				EC85AA211AC621FA008D1CD8 /* Resources */,
			);
			buildRules = (
			);
			dependencies = (
				EC85AA251AC621FA008D1CD8 /* PBXTargetDependency */,
			);
			name = BackTrackV2Tests;
			productName = BackTrackV2Tests;
			productReference = EC85AA231AC621FA008D1CD8 /* BackTrackV2Tests.xctest */;
			productType = "com.apple.product-type.bundle.unit-test";
		};
/* End PBXNativeTarget section */

/* Begin PBXProject section */
		EC85AA021AC621FA008D1CD8 /* Project object */ = {
			isa = PBXProject;
			attributes = {
				LastUpgradeCheck = 0620;
				ORGANIZATIONNAME = COMP150;
				TargetAttributes = {
					EC85AA091AC621FA008D1CD8 = {
						CreatedOnToolsVersion = 6.2;
						DevelopmentTeam = WC8GK6LE4R;
					};
					EC85AA221AC621FA008D1CD8 = {
						CreatedOnToolsVersion = 6.2;
						TestTargetID = EC85AA091AC621FA008D1CD8;
					};
				};
			};
			buildConfigurationList = EC85AA051AC621FA008D1CD8 /* Build configuration list for PBXProject "BackTrackV2" */;
			compatibilityVersion = "Xcode 3.2";
			developmentRegion = English;
			hasScannedForEncodings = 0;
			knownRegions = (
				en,
				Base,
			);
			mainGroup = EC85AA011AC621FA008D1CD8;
			productRefGroup = EC85AA0B1AC621FA008D1CD8 /* Products */;
			projectDirPath = "";
			projectRoot = "";
			targets = (
				EC85AA091AC621FA008D1CD8 /* BackTrackV2 */,
				EC85AA221AC621FA008D1CD8 /* BackTrackV2Tests */,
			);
		};
/* End PBXProject section */

/* Begin PBXResourcesBuildPhase section */
		EC85AA081AC621FA008D1CD8 /* Resources */ = {
			isa = PBXResourcesBuildPhase;
			buildActionMask = 2147483647;
			files = (
				EC85AA191AC621FA008D1CD8 /* Main.storyboard in Resources */,
				EC85AA1E1AC621FA008D1CD8 /* LaunchScreen.xib in Resources */,
				EC85AA1B1AC621FA008D1CD8 /* Images.xcassets in Resources */,
			);
			runOnlyForDeploymentPostprocessing = 0;
		};
		EC85AA211AC621FA008D1CD8 /* Resources */ = {
			isa = PBXResourcesBuildPhase;
			buildActionMask = 2147483647;
			files = (
			);
			runOnlyForDeploymentPostprocessing = 0;
		};
/* End PBXResourcesBuildPhase section */

/* Begin PBXShellScriptBuildPhase section */
		0EF70EC0BC701265BCC428BD /* Check Pods Manifest.lock */ = {
			isa = PBXShellScriptBuildPhase;
			buildActionMask = 2147483647;
			files = (
			);
			inputPaths = (
			);
			name = "Check Pods Manifest.lock";
			outputPaths = (
			);
			runOnlyForDeploymentPostprocessing = 0;
			shellPath = /bin/sh;
			shellScript = "diff \"${PODS_ROOT}/../Podfile.lock\" \"${PODS_ROOT}/Manifest.lock\" > /dev/null\nif [[ $? != 0 ]] ; then\n    cat << EOM\nerror: The sandbox is not in sync with the Podfile.lock. Run 'pod install' or update your CocoaPods installation.\nEOM\n    exit 1\nfi\n";
			showEnvVarsInLog = 0;
		};
		501CC72772DA89508F732FC3 /* Copy Pods Resources */ = {
			isa = PBXShellScriptBuildPhase;
			buildActionMask = 2147483647;
			files = (
			);
			inputPaths = (
			);
			name = "Copy Pods Resources";
			outputPaths = (
			);
			runOnlyForDeploymentPostprocessing = 0;
			shellPath = /bin/sh;
			shellScript = "\"${SRCROOT}/Pods/Target Support Files/Pods-BackTrackV2/Pods-BackTrackV2-resources.sh\"\n";
			showEnvVarsInLog = 0;
		};
/* End PBXShellScriptBuildPhase section */

/* Begin PBXSourcesBuildPhase section */
		EC85AA061AC621FA008D1CD8 /* Sources */ = {
			isa = PBXSourcesBuildPhase;
			buildActionMask = 2147483647;
			files = (
				EC85AA161AC621FA008D1CD8 /* ViewController.m in Sources */,
				ECC15EFD1ACB504500FC3E01 /* LeadEffectsVC.swift in Sources */,
				EC85AA3B1AC63820008D1CD8 /* NoteSelectionVC.swift in Sources */,
				EC85AA371AC624DB008D1CD8 /* MainVC.swift in Sources */,
				EC85AA391AC63794008D1CD8 /* BTVC.swift in Sources */,
				EC85AA3D1AC63856008D1CD8 /* LeadSoundVC.swift in Sources */,
				EC6759341AD48FF6000D5C89 /* PlayArea.swift in Sources */,
				EC85AA351AC62428008D1CD8 /* StaffVC.swift in Sources */,
				EC85AA131AC621FA008D1CD8 /* AppDelegate.m in Sources */,
				EC85AA101AC621FA008D1CD8 /* main.m in Sources */,
			);
			runOnlyForDeploymentPostprocessing = 0;
		};
		EC85AA1F1AC621FA008D1CD8 /* Sources */ = {
			isa = PBXSourcesBuildPhase;
			buildActionMask = 2147483647;
			files = (
				EC85AA2A1AC621FA008D1CD8 /* BackTrackV2Tests.m in Sources */,
			);
			runOnlyForDeploymentPostprocessing = 0;
		};
/* End PBXSourcesBuildPhase section */

/* Begin PBXTargetDependency section */
		EC85AA251AC621FA008D1CD8 /* PBXTargetDependency */ = {
			isa = PBXTargetDependency;
			target = EC85AA091AC621FA008D1CD8 /* BackTrackV2 */;
			targetProxy = EC85AA241AC621FA008D1CD8 /* PBXContainerItemProxy */;
		};
/* End PBXTargetDependency section */

/* Begin PBXVariantGroup section */
		EC85AA171AC621FA008D1CD8 /* Main.storyboard */ = {
			isa = PBXVariantGroup;
			children = (
				EC85AA181AC621FA008D1CD8 /* Base */,
			);
			name = Main.storyboard;
			sourceTree = "<group>";
		};
		EC85AA1C1AC621FA008D1CD8 /* LaunchScreen.xib */ = {
			isa = PBXVariantGroup;
			children = (
				EC85AA1D1AC621FA008D1CD8 /* Base */,
			);
			name = LaunchScreen.xib;
			sourceTree = "<group>";
		};
/* End PBXVariantGroup section */

/* Begin XCBuildConfiguration section */
		EC85AA2B1AC621FA008D1CD8 /* Debug */ = {
			isa = XCBuildConfiguration;
			buildSettings = {
				ALWAYS_SEARCH_USER_PATHS = NO;
				CLANG_CXX_LANGUAGE_STANDARD = "gnu++0x";
				CLANG_CXX_LIBRARY = "libc++";
				CLANG_ENABLE_MODULES = YES;
				CLANG_ENABLE_OBJC_ARC = YES;
				CLANG_WARN_BOOL_CONVERSION = YES;
				CLANG_WARN_CONSTANT_CONVERSION = YES;
				CLANG_WARN_DIRECT_OBJC_ISA_USAGE = YES_ERROR;
				CLANG_WARN_EMPTY_BODY = YES;
				CLANG_WARN_ENUM_CONVERSION = YES;
				CLANG_WARN_INT_CONVERSION = YES;
				CLANG_WARN_OBJC_ROOT_CLASS = YES_ERROR;
				CLANG_WARN_UNREACHABLE_CODE = YES;
				CLANG_WARN__DUPLICATE_METHOD_MATCH = YES;
				"CODE_SIGN_IDENTITY[sdk=iphoneos*]" = "iPhone Developer";
				COPY_PHASE_STRIP = NO;
				ENABLE_STRICT_OBJC_MSGSEND = YES;
				GCC_C_LANGUAGE_STANDARD = gnu99;
				GCC_DYNAMIC_NO_PIC = NO;
				GCC_OPTIMIZATION_LEVEL = 0;
				GCC_PREPROCESSOR_DEFINITIONS = (
					"DEBUG=1",
					"$(inherited)",
				);
				GCC_SYMBOLS_PRIVATE_EXTERN = NO;
				GCC_WARN_64_TO_32_BIT_CONVERSION = YES;
				GCC_WARN_ABOUT_RETURN_TYPE = YES_ERROR;
				GCC_WARN_UNDECLARED_SELECTOR = YES;
				GCC_WARN_UNINITIALIZED_AUTOS = YES_AGGRESSIVE;
				GCC_WARN_UNUSED_FUNCTION = YES;
				GCC_WARN_UNUSED_VARIABLE = YES;
				IPHONEOS_DEPLOYMENT_TARGET = 8.2;
				MTL_ENABLE_DEBUG_INFO = YES;
				ONLY_ACTIVE_ARCH = YES;
				SDKROOT = iphoneos;
				TARGETED_DEVICE_FAMILY = 2;
			};
			name = Debug;
		};
		EC85AA2C1AC621FA008D1CD8 /* Release */ = {
			isa = XCBuildConfiguration;
			buildSettings = {
				ALWAYS_SEARCH_USER_PATHS = NO;
				CLANG_CXX_LANGUAGE_STANDARD = "gnu++0x";
				CLANG_CXX_LIBRARY = "libc++";
				CLANG_ENABLE_MODULES = YES;
				CLANG_ENABLE_OBJC_ARC = YES;
				CLANG_WARN_BOOL_CONVERSION = YES;
				CLANG_WARN_CONSTANT_CONVERSION = YES;
				CLANG_WARN_DIRECT_OBJC_ISA_USAGE = YES_ERROR;
				CLANG_WARN_EMPTY_BODY = YES;
				CLANG_WARN_ENUM_CONVERSION = YES;
				CLANG_WARN_INT_CONVERSION = YES;
				CLANG_WARN_OBJC_ROOT_CLASS = YES_ERROR;
				CLANG_WARN_UNREACHABLE_CODE = YES;
				CLANG_WARN__DUPLICATE_METHOD_MATCH = YES;
				"CODE_SIGN_IDENTITY[sdk=iphoneos*]" = "iPhone Developer";
				COPY_PHASE_STRIP = NO;
				ENABLE_NS_ASSERTIONS = NO;
				ENABLE_STRICT_OBJC_MSGSEND = YES;
				GCC_C_LANGUAGE_STANDARD = gnu99;
				GCC_WARN_64_TO_32_BIT_CONVERSION = YES;
				GCC_WARN_ABOUT_RETURN_TYPE = YES_ERROR;
				GCC_WARN_UNDECLARED_SELECTOR = YES;
				GCC_WARN_UNINITIALIZED_AUTOS = YES_AGGRESSIVE;
				GCC_WARN_UNUSED_FUNCTION = YES;
				GCC_WARN_UNUSED_VARIABLE = YES;
				IPHONEOS_DEPLOYMENT_TARGET = 8.2;
				MTL_ENABLE_DEBUG_INFO = NO;
				SDKROOT = iphoneos;
				TARGETED_DEVICE_FAMILY = 2;
				VALIDATE_PRODUCT = YES;
			};
			name = Release;
		};
		EC85AA2E1AC621FA008D1CD8 /* Debug */ = {
			isa = XCBuildConfiguration;
			baseConfigurationReference = 945879EFBE1A818F0699B8E7 /* Pods-BackTrackV2.debug.xcconfig */;
			buildSettings = {
				ASSETCATALOG_COMPILER_APPICON_NAME = AppIcon;
				CLANG_ENABLE_MODULES = YES;
				INFOPLIST_FILE = BackTrackV2/Info.plist;
				LD_RUNPATH_SEARCH_PATHS = "$(inherited) @executable_path/Frameworks";
				PRODUCT_NAME = "$(TARGET_NAME)";
				SWIFT_OBJC_BRIDGING_HEADER = "BackTrackV2/BackTrackV2-Bridging-Header.h";
				SWIFT_OPTIMIZATION_LEVEL = "-Onone";
			};
			name = Debug;
		};
		EC85AA2F1AC621FA008D1CD8 /* Release */ = {
			isa = XCBuildConfiguration;
			baseConfigurationReference = 26983D95E6B7DD314342DB29 /* Pods-BackTrackV2.release.xcconfig */;
			buildSettings = {
				ASSETCATALOG_COMPILER_APPICON_NAME = AppIcon;
				CLANG_ENABLE_MODULES = YES;
				INFOPLIST_FILE = BackTrackV2/Info.plist;
				LD_RUNPATH_SEARCH_PATHS = "$(inherited) @executable_path/Frameworks";
				PRODUCT_NAME = "$(TARGET_NAME)";
				SWIFT_OBJC_BRIDGING_HEADER = "BackTrackV2/BackTrackV2-Bridging-Header.h";
			};
			name = Release;
		};
		EC85AA311AC621FA008D1CD8 /* Debug */ = {
			isa = XCBuildConfiguration;
			buildSettings = {
				BUNDLE_LOADER = "$(TEST_HOST)";
				FRAMEWORK_SEARCH_PATHS = (
					"$(SDKROOT)/Developer/Library/Frameworks",
					"$(inherited)",
				);
				GCC_PREPROCESSOR_DEFINITIONS = (
					"DEBUG=1",
					"$(inherited)",
				);
				INFOPLIST_FILE = BackTrackV2Tests/Info.plist;
				LD_RUNPATH_SEARCH_PATHS = "$(inherited) @executable_path/Frameworks @loader_path/Frameworks";
				PRODUCT_NAME = "$(TARGET_NAME)";
				TEST_HOST = "$(BUILT_PRODUCTS_DIR)/BackTrackV2.app/BackTrackV2";
			};
			name = Debug;
		};
		EC85AA321AC621FA008D1CD8 /* Release */ = {
			isa = XCBuildConfiguration;
			buildSettings = {
				BUNDLE_LOADER = "$(TEST_HOST)";
				FRAMEWORK_SEARCH_PATHS = (
					"$(SDKROOT)/Developer/Library/Frameworks",
					"$(inherited)",
				);
				INFOPLIST_FILE = BackTrackV2Tests/Info.plist;
				LD_RUNPATH_SEARCH_PATHS = "$(inherited) @executable_path/Frameworks @loader_path/Frameworks";
				PRODUCT_NAME = "$(TARGET_NAME)";
				TEST_HOST = "$(BUILT_PRODUCTS_DIR)/BackTrackV2.app/BackTrackV2";
			};
			name = Release;
		};
/* End XCBuildConfiguration section */

/* Begin XCConfigurationList section */
		EC85AA051AC621FA008D1CD8 /* Build configuration list for PBXProject "BackTrackV2" */ = {
			isa = XCConfigurationList;
			buildConfigurations = (
				EC85AA2B1AC621FA008D1CD8 /* Debug */,
				EC85AA2C1AC621FA008D1CD8 /* Release */,
			);
			defaultConfigurationIsVisible = 0;
			defaultConfigurationName = Release;
		};
		EC85AA2D1AC621FA008D1CD8 /* Build configuration list for PBXNativeTarget "BackTrackV2" */ = {
			isa = XCConfigurationList;
			buildConfigurations = (
				EC85AA2E1AC621FA008D1CD8 /* Debug */,
				EC85AA2F1AC621FA008D1CD8 /* Release */,
			);
			defaultConfigurationIsVisible = 0;
			defaultConfigurationName = Release;
		};
		EC85AA301AC621FA008D1CD8 /* Build configuration list for PBXNativeTarget "BackTrackV2Tests" */ = {
			isa = XCConfigurationList;
			buildConfigurations = (
				EC85AA311AC621FA008D1CD8 /* Debug */,
				EC85AA321AC621FA008D1CD8 /* Release */,
			);
			defaultConfigurationIsVisible = 0;
			defaultConfigurationName = Release;
		};
/* End XCConfigurationList section */
	};
	rootObject = EC85AA021AC621FA008D1CD8 /* Project object */;
}
