// !$*UTF8*$!
{
	archiveVersion = 1;
	classes = {
	};
	objectVersion = 46;
	objects = {

/* Begin PBXBuildFile section */
		ECE963041A92B05700F629C2 /* main.m in Sources */ = {isa = PBXBuildFile; fileRef = ECE963031A92B05700F629C2 /* main.m */; };
		ECE963071A92B05700F629C2 /* AppDelegate.m in Sources */ = {isa = PBXBuildFile; fileRef = ECE963061A92B05700F629C2 /* AppDelegate.m */; };
		ECE9630A1A92B05700F629C2 /* ViewController.m in Sources */ = {isa = PBXBuildFile; fileRef = ECE963091A92B05700F629C2 /* ViewController.m */; };
		ECE9630D1A92B05700F629C2 /* Main.storyboard in Resources */ = {isa = PBXBuildFile; fileRef = ECE9630B1A92B05700F629C2 /* Main.storyboard */; };
		ECE9630F1A92B05700F629C2 /* Images.xcassets in Resources */ = {isa = PBXBuildFile; fileRef = ECE9630E1A92B05700F629C2 /* Images.xcassets */; };
		ECE963121A92B05700F629C2 /* LaunchScreen.xib in Resources */ = {isa = PBXBuildFile; fileRef = ECE963101A92B05700F629C2 /* LaunchScreen.xib */; };
		ECE9631E1A92B05700F629C2 /* Team3_Project1Tests.m in Sources */ = {isa = PBXBuildFile; fileRef = ECE9631D1A92B05700F629C2 /* Team3_Project1Tests.m */; };
/* End PBXBuildFile section */

/* Begin PBXContainerItemProxy section */
		ECE963181A92B05700F629C2 /* PBXContainerItemProxy */ = {
			isa = PBXContainerItemProxy;
			containerPortal = ECE962F61A92B05600F629C2 /* Project object */;
			proxyType = 1;
			remoteGlobalIDString = ECE962FD1A92B05600F629C2;
			remoteInfo = "Team3-Project1";
		};
/* End PBXContainerItemProxy section */

/* Begin PBXFileReference section */
		ECE962FE1A92B05600F629C2 /* Team3-Project1.app */ = {isa = PBXFileReference; explicitFileType = wrapper.application; includeInIndex = 0; path = "Team3-Project1.app"; sourceTree = BUILT_PRODUCTS_DIR; };
		ECE963021A92B05700F629C2 /* Info.plist */ = {isa = PBXFileReference; lastKnownFileType = text.plist.xml; path = Info.plist; sourceTree = "<group>"; };
		ECE963031A92B05700F629C2 /* main.m */ = {isa = PBXFileReference; lastKnownFileType = sourcecode.c.objc; path = main.m; sourceTree = "<group>"; };
		ECE963051A92B05700F629C2 /* AppDelegate.h */ = {isa = PBXFileReference; lastKnownFileType = sourcecode.c.h; path = AppDelegate.h; sourceTree = "<group>"; };
		ECE963061A92B05700F629C2 /* AppDelegate.m */ = {isa = PBXFileReference; lastKnownFileType = sourcecode.c.objc; path = AppDelegate.m; sourceTree = "<group>"; };
		ECE963081A92B05700F629C2 /* ViewController.h */ = {isa = PBXFileReference; lastKnownFileType = sourcecode.c.h; path = ViewController.h; sourceTree = "<group>"; };
		ECE963091A92B05700F629C2 /* ViewController.m */ = {isa = PBXFileReference; lastKnownFileType = sourcecode.c.objc; path = ViewController.m; sourceTree = "<group>"; };
		ECE9630C1A92B05700F629C2 /* Base */ = {isa = PBXFileReference; lastKnownFileType = file.storyboard; name = Base; path = Base.lproj/Main.storyboard; sourceTree = "<group>"; };
		ECE9630E1A92B05700F629C2 /* Images.xcassets */ = {isa = PBXFileReference; lastKnownFileType = folder.assetcatalog; path = Images.xcassets; sourceTree = "<group>"; };
		ECE963111A92B05700F629C2 /* Base */ = {isa = PBXFileReference; lastKnownFileType = file.xib; name = Base; path = Base.lproj/LaunchScreen.xib; sourceTree = "<group>"; };
		ECE963171A92B05700F629C2 /* Team3-Project1Tests.xctest */ = {isa = PBXFileReference; explicitFileType = wrapper.cfbundle; includeInIndex = 0; path = "Team3-Project1Tests.xctest"; sourceTree = BUILT_PRODUCTS_DIR; };
		ECE9631C1A92B05700F629C2 /* Info.plist */ = {isa = PBXFileReference; lastKnownFileType = text.plist.xml; path = Info.plist; sourceTree = "<group>"; };
		ECE9631D1A92B05700F629C2 /* Team3_Project1Tests.m */ = {isa = PBXFileReference; lastKnownFileType = sourcecode.c.objc; path = Team3_Project1Tests.m; sourceTree = "<group>"; };
/* End PBXFileReference section */

/* Begin PBXFrameworksBuildPhase section */
		ECE962FB1A92B05600F629C2 /* Frameworks */ = {
			isa = PBXFrameworksBuildPhase;
			buildActionMask = 2147483647;
			files = (
			);
			runOnlyForDeploymentPostprocessing = 0;
		};
		ECE963141A92B05700F629C2 /* Frameworks */ = {
			isa = PBXFrameworksBuildPhase;
			buildActionMask = 2147483647;
			files = (
			);
			runOnlyForDeploymentPostprocessing = 0;
		};
/* End PBXFrameworksBuildPhase section */

/* Begin PBXGroup section */
		ECE962F51A92B05600F629C2 = {
			isa = PBXGroup;
			children = (
				ECE963001A92B05600F629C2 /* Team3-Project1 */,
				ECE9631A1A92B05700F629C2 /* Team3-Project1Tests */,
				ECE962FF1A92B05600F629C2 /* Products */,
			);
			sourceTree = "<group>";
		};
		ECE962FF1A92B05600F629C2 /* Products */ = {
			isa = PBXGroup;
			children = (
				ECE962FE1A92B05600F629C2 /* Team3-Project1.app */,
				ECE963171A92B05700F629C2 /* Team3-Project1Tests.xctest */,
			);
			name = Products;
			sourceTree = "<group>";
		};
		ECE963001A92B05600F629C2 /* Team3-Project1 */ = {
			isa = PBXGroup;
			children = (
				ECE963051A92B05700F629C2 /* AppDelegate.h */,
				ECE963061A92B05700F629C2 /* AppDelegate.m */,
				ECE963081A92B05700F629C2 /* ViewController.h */,
				ECE963091A92B05700F629C2 /* ViewController.m */,
				ECE9630B1A92B05700F629C2 /* Main.storyboard */,
				ECE9630E1A92B05700F629C2 /* Images.xcassets */,
				ECE963101A92B05700F629C2 /* LaunchScreen.xib */,
				ECE963011A92B05600F629C2 /* Supporting Files */,
			);
			path = "Team3-Project1";
			sourceTree = "<group>";
		};
		ECE963011A92B05600F629C2 /* Supporting Files */ = {
			isa = PBXGroup;
			children = (
				ECE963021A92B05700F629C2 /* Info.plist */,
				ECE963031A92B05700F629C2 /* main.m */,
			);
			name = "Supporting Files";
			sourceTree = "<group>";
		};
		ECE9631A1A92B05700F629C2 /* Team3-Project1Tests */ = {
			isa = PBXGroup;
			children = (
				ECE9631D1A92B05700F629C2 /* Team3_Project1Tests.m */,
				ECE9631B1A92B05700F629C2 /* Supporting Files */,
			);
			path = "Team3-Project1Tests";
			sourceTree = "<group>";
		};
		ECE9631B1A92B05700F629C2 /* Supporting Files */ = {
			isa = PBXGroup;
			children = (
				ECE9631C1A92B05700F629C2 /* Info.plist */,
			);
			name = "Supporting Files";
			sourceTree = "<group>";
		};
/* End PBXGroup section */

/* Begin PBXNativeTarget section */
		ECE962FD1A92B05600F629C2 /* Team3-Project1 */ = {
			isa = PBXNativeTarget;
			buildConfigurationList = ECE963211A92B05700F629C2 /* Build configuration list for PBXNativeTarget "Team3-Project1" */;
			buildPhases = (
				ECE962FA1A92B05600F629C2 /* Sources */,
				ECE962FB1A92B05600F629C2 /* Frameworks */,
				ECE962FC1A92B05600F629C2 /* Resources */,
			);
			buildRules = (
			);
			dependencies = (
			);
			name = "Team3-Project1";
			productName = "Team3-Project1";
			productReference = ECE962FE1A92B05600F629C2 /* Team3-Project1.app */;
			productType = "com.apple.product-type.application";
		};
		ECE963161A92B05700F629C2 /* Team3-Project1Tests */ = {
			isa = PBXNativeTarget;
			buildConfigurationList = ECE963241A92B05700F629C2 /* Build configuration list for PBXNativeTarget "Team3-Project1Tests" */;
			buildPhases = (
				ECE963131A92B05700F629C2 /* Sources */,
				ECE963141A92B05700F629C2 /* Frameworks */,
				ECE963151A92B05700F629C2 /* Resources */,
			);
			buildRules = (
			);
			dependencies = (
				ECE963191A92B05700F629C2 /* PBXTargetDependency */,
			);
			name = "Team3-Project1Tests";
			productName = "Team3-Project1Tests";
			productReference = ECE963171A92B05700F629C2 /* Team3-Project1Tests.xctest */;
			productType = "com.apple.product-type.bundle.unit-test";
		};
/* End PBXNativeTarget section */

/* Begin PBXProject section */
		ECE962F61A92B05600F629C2 /* Project object */ = {
			isa = PBXProject;
			attributes = {
				LastUpgradeCheck = 0610;
				ORGANIZATIONNAME = COMP150;
				TargetAttributes = {
					ECE962FD1A92B05600F629C2 = {
						CreatedOnToolsVersion = 6.1.1;
					};
					ECE963161A92B05700F629C2 = {
						CreatedOnToolsVersion = 6.1.1;
						TestTargetID = ECE962FD1A92B05600F629C2;
					};
				};
			};
			buildConfigurationList = ECE962F91A92B05600F629C2 /* Build configuration list for PBXProject "Team3-Project1" */;
			compatibilityVersion = "Xcode 3.2";
			developmentRegion = English;
			hasScannedForEncodings = 0;
			knownRegions = (
				en,
				Base,
			);
			mainGroup = ECE962F51A92B05600F629C2;
			productRefGroup = ECE962FF1A92B05600F629C2 /* Products */;
			projectDirPath = "";
			projectRoot = "";
			targets = (
				ECE962FD1A92B05600F629C2 /* Team3-Project1 */,
				ECE963161A92B05700F629C2 /* Team3-Project1Tests */,
			);
		};
/* End PBXProject section */

/* Begin PBXResourcesBuildPhase section */
		ECE962FC1A92B05600F629C2 /* Resources */ = {
			isa = PBXResourcesBuildPhase;
			buildActionMask = 2147483647;
			files = (
				ECE9630D1A92B05700F629C2 /* Main.storyboard in Resources */,
				ECE963121A92B05700F629C2 /* LaunchScreen.xib in Resources */,
				ECE9630F1A92B05700F629C2 /* Images.xcassets in Resources */,
			);
			runOnlyForDeploymentPostprocessing = 0;
		};
		ECE963151A92B05700F629C2 /* Resources */ = {
			isa = PBXResourcesBuildPhase;
			buildActionMask = 2147483647;
			files = (
			);
			runOnlyForDeploymentPostprocessing = 0;
		};
/* End PBXResourcesBuildPhase section */

/* Begin PBXSourcesBuildPhase section */
		ECE962FA1A92B05600F629C2 /* Sources */ = {
			isa = PBXSourcesBuildPhase;
			buildActionMask = 2147483647;
			files = (
				ECE9630A1A92B05700F629C2 /* ViewController.m in Sources */,
				ECE963071A92B05700F629C2 /* AppDelegate.m in Sources */,
				ECE963041A92B05700F629C2 /* main.m in Sources */,
			);
			runOnlyForDeploymentPostprocessing = 0;
		};
		ECE963131A92B05700F629C2 /* Sources */ = {
			isa = PBXSourcesBuildPhase;
			buildActionMask = 2147483647;
			files = (
				ECE9631E1A92B05700F629C2 /* Team3_Project1Tests.m in Sources */,
			);
			runOnlyForDeploymentPostprocessing = 0;
		};
/* End PBXSourcesBuildPhase section */

/* Begin PBXTargetDependency section */
		ECE963191A92B05700F629C2 /* PBXTargetDependency */ = {
			isa = PBXTargetDependency;
			target = ECE962FD1A92B05600F629C2 /* Team3-Project1 */;
			targetProxy = ECE963181A92B05700F629C2 /* PBXContainerItemProxy */;
		};
/* End PBXTargetDependency section */

/* Begin PBXVariantGroup section */
		ECE9630B1A92B05700F629C2 /* Main.storyboard */ = {
			isa = PBXVariantGroup;
			children = (
				ECE9630C1A92B05700F629C2 /* Base */,
			);
			name = Main.storyboard;
			sourceTree = "<group>";
		};
		ECE963101A92B05700F629C2 /* LaunchScreen.xib */ = {
			isa = PBXVariantGroup;
			children = (
				ECE963111A92B05700F629C2 /* Base */,
			);
			name = LaunchScreen.xib;
			sourceTree = "<group>";
		};
/* End PBXVariantGroup section */

/* Begin XCBuildConfiguration section */
		ECE9631F1A92B05700F629C2 /* Debug */ = {
			isa = XCBuildConfiguration;
			buildSettings = {
				ALWAYS_SEARCH_USER_PATHS = NO;
				CLANG_CXX_LANGUAGE_STANDARD = "gnu++0x";
				CLANG_CXX_LIBRARY = "libc++";
				CLANG_ENABLE_MODULES = YES;
				CLANG_ENABLE_OBJC_ARC = YES;
				CLANG_WARN_BOOL_CONVERSION = YES;
				CLANG_WARN_CONSTANT_CONVERSION = YES;
				CLANG_WARN_DIRECT_OBJC_ISA_USAGE = YES_ERROR;
				CLANG_WARN_EMPTY_BODY = YES;
				CLANG_WARN_ENUM_CONVERSION = YES;
				CLANG_WARN_INT_CONVERSION = YES;
				CLANG_WARN_OBJC_ROOT_CLASS = YES_ERROR;
				CLANG_WARN_UNREACHABLE_CODE = YES;
				CLANG_WARN__DUPLICATE_METHOD_MATCH = YES;
				"CODE_SIGN_IDENTITY[sdk=iphoneos*]" = "iPhone Developer";
				COPY_PHASE_STRIP = NO;
				ENABLE_STRICT_OBJC_MSGSEND = YES;
				GCC_C_LANGUAGE_STANDARD = gnu99;
				GCC_DYNAMIC_NO_PIC = NO;
				GCC_OPTIMIZATION_LEVEL = 0;
				GCC_PREPROCESSOR_DEFINITIONS = (
					"DEBUG=1",
					"$(inherited)",
				);
				GCC_SYMBOLS_PRIVATE_EXTERN = NO;
				GCC_WARN_64_TO_32_BIT_CONVERSION = YES;
				GCC_WARN_ABOUT_RETURN_TYPE = YES_ERROR;
				GCC_WARN_UNDECLARED_SELECTOR = YES;
				GCC_WARN_UNINITIALIZED_AUTOS = YES_AGGRESSIVE;
				GCC_WARN_UNUSED_FUNCTION = YES;
				GCC_WARN_UNUSED_VARIABLE = YES;
				IPHONEOS_DEPLOYMENT_TARGET = 8.1;
				MTL_ENABLE_DEBUG_INFO = YES;
				ONLY_ACTIVE_ARCH = YES;
				SDKROOT = iphoneos;
				TARGETED_DEVICE_FAMILY = "1,2";
			};
			name = Debug;
		};
		ECE963201A92B05700F629C2 /* Release */ = {
			isa = XCBuildConfiguration;
			buildSettings = {
				ALWAYS_SEARCH_USER_PATHS = NO;
				CLANG_CXX_LANGUAGE_STANDARD = "gnu++0x";
				CLANG_CXX_LIBRARY = "libc++";
				CLANG_ENABLE_MODULES = YES;
				CLANG_ENABLE_OBJC_ARC = YES;
				CLANG_WARN_BOOL_CONVERSION = YES;
				CLANG_WARN_CONSTANT_CONVERSION = YES;
				CLANG_WARN_DIRECT_OBJC_ISA_USAGE = YES_ERROR;
				CLANG_WARN_EMPTY_BODY = YES;
				CLANG_WARN_ENUM_CONVERSION = YES;
				CLANG_WARN_INT_CONVERSION = YES;
				CLANG_WARN_OBJC_ROOT_CLASS = YES_ERROR;
				CLANG_WARN_UNREACHABLE_CODE = YES;
				CLANG_WARN__DUPLICATE_METHOD_MATCH = YES;
				"CODE_SIGN_IDENTITY[sdk=iphoneos*]" = "iPhone Developer";
				COPY_PHASE_STRIP = YES;
				ENABLE_NS_ASSERTIONS = NO;
				ENABLE_STRICT_OBJC_MSGSEND = YES;
				GCC_C_LANGUAGE_STANDARD = gnu99;
				GCC_WARN_64_TO_32_BIT_CONVERSION = YES;
				GCC_WARN_ABOUT_RETURN_TYPE = YES_ERROR;
				GCC_WARN_UNDECLARED_SELECTOR = YES;
				GCC_WARN_UNINITIALIZED_AUTOS = YES_AGGRESSIVE;
				GCC_WARN_UNUSED_FUNCTION = YES;
				GCC_WARN_UNUSED_VARIABLE = YES;
				IPHONEOS_DEPLOYMENT_TARGET = 8.1;
				MTL_ENABLE_DEBUG_INFO = NO;
				SDKROOT = iphoneos;
				TARGETED_DEVICE_FAMILY = "1,2";
				VALIDATE_PRODUCT = YES;
			};
			name = Release;
		};
		ECE963221A92B05700F629C2 /* Debug */ = {
			isa = XCBuildConfiguration;
			buildSettings = {
				ASSETCATALOG_COMPILER_APPICON_NAME = AppIcon;
				INFOPLIST_FILE = "Team3-Project1/Info.plist";
				LD_RUNPATH_SEARCH_PATHS = "$(inherited) @executable_path/Frameworks";
				PRODUCT_NAME = "$(TARGET_NAME)";
			};
			name = Debug;
		};
		ECE963231A92B05700F629C2 /* Release */ = {
			isa = XCBuildConfiguration;
			buildSettings = {
				ASSETCATALOG_COMPILER_APPICON_NAME = AppIcon;
				INFOPLIST_FILE = "Team3-Project1/Info.plist";
				LD_RUNPATH_SEARCH_PATHS = "$(inherited) @executable_path/Frameworks";
				PRODUCT_NAME = "$(TARGET_NAME)";
			};
			name = Release;
		};
		ECE963251A92B05700F629C2 /* Debug */ = {
			isa = XCBuildConfiguration;
			buildSettings = {
				BUNDLE_LOADER = "$(TEST_HOST)";
				FRAMEWORK_SEARCH_PATHS = (
					"$(SDKROOT)/Developer/Library/Frameworks",
					"$(inherited)",
				);
				GCC_PREPROCESSOR_DEFINITIONS = (
					"DEBUG=1",
					"$(inherited)",
				);
				INFOPLIST_FILE = "Team3-Project1Tests/Info.plist";
				LD_RUNPATH_SEARCH_PATHS = "$(inherited) @executable_path/Frameworks @loader_path/Frameworks";
				PRODUCT_NAME = "$(TARGET_NAME)";
				TEST_HOST = "$(BUILT_PRODUCTS_DIR)/Team3-Project1.app/Team3-Project1";
			};
			name = Debug;
		};
		ECE963261A92B05700F629C2 /* Release */ = {
			isa = XCBuildConfiguration;
			buildSettings = {
				BUNDLE_LOADER = "$(TEST_HOST)";
				FRAMEWORK_SEARCH_PATHS = (
					"$(SDKROOT)/Developer/Library/Frameworks",
					"$(inherited)",
				);
				INFOPLIST_FILE = "Team3-Project1Tests/Info.plist";
				LD_RUNPATH_SEARCH_PATHS = "$(inherited) @executable_path/Frameworks @loader_path/Frameworks";
				PRODUCT_NAME = "$(TARGET_NAME)";
				TEST_HOST = "$(BUILT_PRODUCTS_DIR)/Team3-Project1.app/Team3-Project1";
			};
			name = Release;
		};
/* End XCBuildConfiguration section */

/* Begin XCConfigurationList section */
		ECE962F91A92B05600F629C2 /* Build configuration list for PBXProject "Team3-Project1" */ = {
			isa = XCConfigurationList;
			buildConfigurations = (
				ECE9631F1A92B05700F629C2 /* Debug */,
				ECE963201A92B05700F629C2 /* Release */,
			);
			defaultConfigurationIsVisible = 0;
			defaultConfigurationName = Release;
		};
		ECE963211A92B05700F629C2 /* Build configuration list for PBXNativeTarget "Team3-Project1" */ = {
			isa = XCConfigurationList;
			buildConfigurations = (
				ECE963221A92B05700F629C2 /* Debug */,
				ECE963231A92B05700F629C2 /* Release */,
			);
			defaultConfigurationIsVisible = 0;
		};
		ECE963241A92B05700F629C2 /* Build configuration list for PBXNativeTarget "Team3-Project1Tests" */ = {
			isa = XCConfigurationList;
			buildConfigurations = (
				ECE963251A92B05700F629C2 /* Debug */,
				ECE963261A92B05700F629C2 /* Release */,
			);
			defaultConfigurationIsVisible = 0;
		};
/* End XCConfigurationList section */
	};
	rootObject = ECE962F61A92B05600F629C2 /* Project object */;
}
